
Microsoft Visual Studio Solution File, Format Version 12.00
# Visual Studio Version 18
VisualStudioVersion = 18.0.11222.15
MinimumVisualStudioVersion = 10.0.40219.1
Project("{FAE04EC0-301F-11D3-BF4B-00C04F79EFBC}") = "ZhooSoft.Tracker", "ZhooSoft.Tracker.csproj", "{133A6174-8B87-4603-A618-DD574AC442C2}"
EndProject
Project("{FAE04EC0-301F-11D3-BF4B-00C04F79EFBC}") = "ZCars.Shared", "..\..\ZCarsShared\ZCars.Shared\ZCars.Shared.csproj", "{63ED65BC-7D1B-5F95-D47A-A3BA117F67D9}"
EndProject
Project("{FAE04EC0-301F-11D3-BF4B-00C04F79EFBC}") = "Zhoosoft.EventBus", "..\..\ZCarsShared\Zhoosoft.EventBus\Zhoosoft.EventBus\Zhoosoft.EventBus.csproj", "{48EBEE0A-9F35-6F43-02B6-4170F0BF5596}"
EndProject
Global
	GlobalSection(SolutionConfigurationPlatforms) = preSolution
		Debug|Any CPU = Debug|Any CPU
		Release|Any CPU = Release|Any CPU
	EndGlobalSection
	GlobalSection(ProjectConfigurationPlatforms) = postSolution
		{133A6174-8B87-4603-A618-DD574AC442C2}.Debug|Any CPU.ActiveCfg = Debug|Any CPU
		{133A6174-8B87-4603-A618-DD574AC442C2}.Debug|Any CPU.Build.0 = Debug|Any CPU
		{133A6174-8B87-4603-A618-DD574AC442C2}.Release|Any CPU.ActiveCfg = Release|Any CPU
		{133A6174-8B87-4603-A618-DD574AC442C2}.Release|Any CPU.Build.0 = Release|Any CPU
		{63ED65BC-7D1B-5F95-D47A-A3BA117F67D9}.Debug|Any CPU.ActiveCfg = Debug|Any CPU
		{63ED65BC-7D1B-5F95-D47A-A3BA117F67D9}.Debug|Any CPU.Build.0 = Debug|Any CPU
		{63ED65BC-7D1B-5F95-D47A-A3BA117F67D9}.Release|Any CPU.ActiveCfg = Release|Any CPU
		{63ED65BC-7D1B-5F95-D47A-A3BA117F67D9}.Release|Any CPU.Build.0 = Release|Any CPU
		{48EBEE0A-9F35-6F43-02B6-4170F0BF5596}.Debug|Any CPU.ActiveCfg = Debug|Any CPU
		{48EBEE0A-9F35-6F43-02B6-4170F0BF5596}.Debug|Any CPU.Build.0 = Debug|Any CPU
		{48EBEE0A-9F35-6F43-02B6-4170F0BF5596}.Release|Any CPU.ActiveCfg = Release|Any CPU
		{48EBEE0A-9F35-6F43-02B6-4170F0BF5596}.Release|Any CPU.Build.0 = Release|Any CPU
	EndGlobalSection
	GlobalSection(SolutionProperties) = preSolution
		HideSolutionNode = FALSE
	EndGlobalSection
	GlobalSection(ExtensibilityGlobals) = postSolution
		SolutionGuid = {7A3D71E7-BE39-44A1-80A2-3347F9AAB3EA}
	EndGlobalSection
EndGlobal
